// !$*UTF8*$!
{
	archiveVersion = 1;
	classes = {
	};
	objectVersion = 46;
	objects = {

/* Begin PBXBuildFile section */
		421448FF16AA986900EB0557 /* sun_position.c in Sources */ = {isa = PBXBuildFile; fileRef = 421448FB16AA986900EB0557 /* sun_position.c */; };
		4214490016AA986900EB0557 /* drawglobe.c in Sources */ = {isa = PBXBuildFile; fileRef = 421448FC16AA986900EB0557 /* drawglobe.c */; };
		421C394216AA947300651DF1 /* UIKit.framework in Frameworks */ = {isa = PBXBuildFile; fileRef = 421C394116AA947300651DF1 /* UIKit.framework */; };
		421C394416AA947300651DF1 /* Foundation.framework in Frameworks */ = {isa = PBXBuildFile; fileRef = 421C394316AA947300651DF1 /* Foundation.framework */; };
		421C394616AA947300651DF1 /* CoreGraphics.framework in Frameworks */ = {isa = PBXBuildFile; fileRef = 421C394516AA947300651DF1 /* CoreGraphics.framework */; };
		421C394816AA947300651DF1 /* GLKit.framework in Frameworks */ = {isa = PBXBuildFile; fileRef = 421C394716AA947300651DF1 /* GLKit.framework */; };
		421C394A16AA947300651DF1 /* OpenGLES.framework in Frameworks */ = {isa = PBXBuildFile; fileRef = 421C394916AA947300651DF1 /* OpenGLES.framework */; };
		421C395016AA947300651DF1 /* InfoPlist.strings in Resources */ = {isa = PBXBuildFile; fileRef = 421C394E16AA947300651DF1 /* InfoPlist.strings */; };
		421C395216AA947300651DF1 /* main.m in Sources */ = {isa = PBXBuildFile; fileRef = 421C395116AA947300651DF1 /* main.m */; };
		421C395616AA947300651DF1 /* AppDelegate.m in Sources */ = {isa = PBXBuildFile; fileRef = 421C395516AA947300651DF1 /* AppDelegate.m */; };
		421C395816AA947300651DF1 /* Default.png in Resources */ = {isa = PBXBuildFile; fileRef = 421C395716AA947300651DF1 /* Default.png */; };
		421C395A16AA947300651DF1 /* Default@2x.png in Resources */ = {isa = PBXBuildFile; fileRef = 421C395916AA947300651DF1 /* Default@2x.png */; };
		421C395C16AA947300651DF1 /* Default-568h@2x.png in Resources */ = {isa = PBXBuildFile; fileRef = 421C395B16AA947300651DF1 /* Default-568h@2x.png */; };
		421C395F16AA947300651DF1 /* MainStoryboard_iPhone.storyboard in Resources */ = {isa = PBXBuildFile; fileRef = 421C395D16AA947300651DF1 /* MainStoryboard_iPhone.storyboard */; };
		421C396216AA947300651DF1 /* MainStoryboard_iPad.storyboard in Resources */ = {isa = PBXBuildFile; fileRef = 421C396016AA947300651DF1 /* MainStoryboard_iPad.storyboard */; };
		421C396416AA947300651DF1 /* Shader.fsh in Resources */ = {isa = PBXBuildFile; fileRef = 421C396316AA947300651DF1 /* Shader.fsh */; };
		421C396616AA947300651DF1 /* Shader.vsh in Resources */ = {isa = PBXBuildFile; fileRef = 421C396516AA947300651DF1 /* Shader.vsh */; };
		421C396916AA947300651DF1 /* ViewController.m in Sources */ = {isa = PBXBuildFile; fileRef = 421C396816AA947300651DF1 /* ViewController.m */; };
/* End PBXBuildFile section */

/* Begin PBXFileReference section */
		421448FB16AA986900EB0557 /* sun_position.c */ = {isa = PBXFileReference; fileEncoding = 4; lastKnownFileType = sourcecode.c.c; path = sun_position.c; sourceTree = SOURCE_ROOT; };
		421448FC16AA986900EB0557 /* drawglobe.c */ = {isa = PBXFileReference; fileEncoding = 4; lastKnownFileType = sourcecode.c.c; path = drawglobe.c; sourceTree = SOURCE_ROOT; };
		421448FD16AA986900EB0557 /* sun_position.h */ = {isa = PBXFileReference; fileEncoding = 4; lastKnownFileType = sourcecode.c.h; path = sun_position.h; sourceTree = SOURCE_ROOT; };
		421448FE16AA986900EB0557 /* drawglobe.h */ = {isa = PBXFileReference; fileEncoding = 4; lastKnownFileType = sourcecode.c.h; path = drawglobe.h; sourceTree = SOURCE_ROOT; };
		421C393D16AA947300651DF1 /* Globe.app */ = {isa = PBXFileReference; explicitFileType = wrapper.application; includeInIndex = 0; path = Globe.app; sourceTree = BUILT_PRODUCTS_DIR; };
		421C394116AA947300651DF1 /* UIKit.framework */ = {isa = PBXFileReference; lastKnownFileType = wrapper.framework; name = UIKit.framework; path = System/Library/Frameworks/UIKit.framework; sourceTree = SDKROOT; };
		421C394316AA947300651DF1 /* Foundation.framework */ = {isa = PBXFileReference; lastKnownFileType = wrapper.framework; name = Foundation.framework; path = System/Library/Frameworks/Foundation.framework; sourceTree = SDKROOT; };
		421C394516AA947300651DF1 /* CoreGraphics.framework */ = {isa = PBXFileReference; lastKnownFileType = wrapper.framework; name = CoreGraphics.framework; path = System/Library/Frameworks/CoreGraphics.framework; sourceTree = SDKROOT; };
		421C394716AA947300651DF1 /* GLKit.framework */ = {isa = PBXFileReference; lastKnownFileType = wrapper.framework; name = GLKit.framework; path = System/Library/Frameworks/GLKit.framework; sourceTree = SDKROOT; };
		421C394916AA947300651DF1 /* OpenGLES.framework */ = {isa = PBXFileReference; lastKnownFileType = wrapper.framework; name = OpenGLES.framework; path = System/Library/Frameworks/OpenGLES.framework; sourceTree = SDKROOT; };
		421C394D16AA947300651DF1 /* Globe-Info.plist */ = {isa = PBXFileReference; lastKnownFileType = text.plist.xml; path = "Globe-Info.plist"; sourceTree = "<group>"; };
		421C394F16AA947300651DF1 /* en */ = {isa = PBXFileReference; lastKnownFileType = text.plist.strings; name = en; path = en.lproj/InfoPlist.strings; sourceTree = "<group>"; };
		421C395116AA947300651DF1 /* main.m */ = {isa = PBXFileReference; lastKnownFileType = sourcecode.c.objc; path = main.m; sourceTree = "<group>"; };
		421C395316AA947300651DF1 /* Globe-Prefix.pch */ = {isa = PBXFileReference; lastKnownFileType = sourcecode.c.h; path = "Globe-Prefix.pch"; sourceTree = "<group>"; };
		421C395416AA947300651DF1 /* AppDelegate.h */ = {isa = PBXFileReference; lastKnownFileType = sourcecode.c.h; path = AppDelegate.h; sourceTree = "<group>"; };
		421C395516AA947300651DF1 /* AppDelegate.m */ = {isa = PBXFileReference; lastKnownFileType = sourcecode.c.objc; path = AppDelegate.m; sourceTree = "<group>"; };
		421C395716AA947300651DF1 /* Default.png */ = {isa = PBXFileReference; lastKnownFileType = image.png; path = Default.png; sourceTree = "<group>"; };
		421C395916AA947300651DF1 /* Default@2x.png */ = {isa = PBXFileReference; lastKnownFileType = image.png; path = "Default@2x.png"; sourceTree = "<group>"; };
		421C395B16AA947300651DF1 /* Default-568h@2x.png */ = {isa = PBXFileReference; lastKnownFileType = image.png; path = "Default-568h@2x.png"; sourceTree = "<group>"; };
		421C395E16AA947300651DF1 /* en */ = {isa = PBXFileReference; lastKnownFileType = file.storyboard; name = en; path = en.lproj/MainStoryboard_iPhone.storyboard; sourceTree = "<group>"; };
		421C396116AA947300651DF1 /* en */ = {isa = PBXFileReference; lastKnownFileType = file.storyboard; name = en; path = en.lproj/MainStoryboard_iPad.storyboard; sourceTree = "<group>"; };
		421C396316AA947300651DF1 /* Shader.fsh */ = {isa = PBXFileReference; lastKnownFileType = sourcecode.glsl; name = Shader.fsh; path = Shaders/Shader.fsh; sourceTree = "<group>"; };
		421C396516AA947300651DF1 /* Shader.vsh */ = {isa = PBXFileReference; lastKnownFileType = sourcecode.glsl; name = Shader.vsh; path = Shaders/Shader.vsh; sourceTree = "<group>"; };
		421C396716AA947300651DF1 /* ViewController.h */ = {isa = PBXFileReference; lastKnownFileType = sourcecode.c.h; path = ViewController.h; sourceTree = "<group>"; };
		421C396816AA947300651DF1 /* ViewController.m */ = {isa = PBXFileReference; lastKnownFileType = sourcecode.c.objc; path = ViewController.m; sourceTree = "<group>"; };
/* End PBXFileReference section */

/* Begin PBXFrameworksBuildPhase section */
		421C393A16AA947300651DF1 /* Frameworks */ = {
			isa = PBXFrameworksBuildPhase;
			buildActionMask = 2147483647;
			files = (
				421C394216AA947300651DF1 /* UIKit.framework in Frameworks */,
				421C394416AA947300651DF1 /* Foundation.framework in Frameworks */,
				421C394616AA947300651DF1 /* CoreGraphics.framework in Frameworks */,
				421C394816AA947300651DF1 /* GLKit.framework in Frameworks */,
				421C394A16AA947300651DF1 /* OpenGLES.framework in Frameworks */,
			);
			runOnlyForDeploymentPostprocessing = 0;
		};
/* End PBXFrameworksBuildPhase section */

/* Begin PBXGroup section */
		421C393216AA947300651DF1 = {
			isa = PBXGroup;
			children = (
				421C394B16AA947300651DF1 /* Globe */,
				421C394016AA947300651DF1 /* Frameworks */,
				421C393E16AA947300651DF1 /* Products */,
			);
			sourceTree = "<group>";
		};
		421C393E16AA947300651DF1 /* Products */ = {
			isa = PBXGroup;
			children = (
				421C393D16AA947300651DF1 /* Globe.app */,
			);
			name = Products;
			sourceTree = "<group>";
		};
		421C394016AA947300651DF1 /* Frameworks */ = {
			isa = PBXGroup;
			children = (
				421C394116AA947300651DF1 /* UIKit.framework */,
				421C394316AA947300651DF1 /* Foundation.framework */,
				421C394516AA947300651DF1 /* CoreGraphics.framework */,
				421C394716AA947300651DF1 /* GLKit.framework */,
				421C394916AA947300651DF1 /* OpenGLES.framework */,
			);
			name = Frameworks;
			sourceTree = "<group>";
		};
		421C394B16AA947300651DF1 /* Globe */ = {
			isa = PBXGroup;
			children = (
				421C395416AA947300651DF1 /* AppDelegate.h */,
				421C395516AA947300651DF1 /* AppDelegate.m */,
				421C395D16AA947300651DF1 /* MainStoryboard_iPhone.storyboard */,
				421C396016AA947300651DF1 /* MainStoryboard_iPad.storyboard */,
				421C396316AA947300651DF1 /* Shader.fsh */,
				421C396516AA947300651DF1 /* Shader.vsh */,
				421C396716AA947300651DF1 /* ViewController.h */,
				421C396816AA947300651DF1 /* ViewController.m */,
				421448FE16AA986900EB0557 /* drawglobe.h */,
				421448FC16AA986900EB0557 /* drawglobe.c */,
				421448FD16AA986900EB0557 /* sun_position.h */,
				421448FB16AA986900EB0557 /* sun_position.c */,
				421C394C16AA947300651DF1 /* Supporting Files */,
			);
			path = Globe;
			sourceTree = "<group>";
		};
		421C394C16AA947300651DF1 /* Supporting Files */ = {
			isa = PBXGroup;
			children = (
				421C394D16AA947300651DF1 /* Globe-Info.plist */,
				421C394E16AA947300651DF1 /* InfoPlist.strings */,
				421C395116AA947300651DF1 /* main.m */,
				421C395316AA947300651DF1 /* Globe-Prefix.pch */,
				421C395716AA947300651DF1 /* Default.png */,
				421C395916AA947300651DF1 /* Default@2x.png */,
				421C395B16AA947300651DF1 /* Default-568h@2x.png */,
			);
			name = "Supporting Files";
			sourceTree = "<group>";
		};
/* End PBXGroup section */

/* Begin PBXNativeTarget section */
		421C393C16AA947300651DF1 /* Globe */ = {
			isa = PBXNativeTarget;
			buildConfigurationList = 421C396C16AA947300651DF1 /* Build configuration list for PBXNativeTarget "Globe" */;
			buildPhases = (
				421C393916AA947300651DF1 /* Sources */,
				421C393A16AA947300651DF1 /* Frameworks */,
				421C393B16AA947300651DF1 /* Resources */,
			);
			buildRules = (
			);
			dependencies = (
			);
			name = Globe;
			productName = Globe;
			productReference = 421C393D16AA947300651DF1 /* Globe.app */;
			productType = "com.apple.product-type.application";
		};
/* End PBXNativeTarget section */

/* Begin PBXProject section */
		421C393416AA947300651DF1 /* Project object */ = {
			isa = PBXProject;
			attributes = {
				LastUpgradeCheck = 0450;
				ORGANIZATIONNAME = "Jera Design LLC";
			};
			buildConfigurationList = 421C393716AA947300651DF1 /* Build configuration list for PBXProject "Globe" */;
			compatibilityVersion = "Xcode 3.2";
			developmentRegion = English;
			hasScannedForEncodings = 0;
			knownRegions = (
				en,
			);
			mainGroup = 421C393216AA947300651DF1;
			productRefGroup = 421C393E16AA947300651DF1 /* Products */;
			projectDirPath = "";
			projectRoot = "";
			targets = (
				421C393C16AA947300651DF1 /* Globe */,
			);
		};
/* End PBXProject section */

/* Begin PBXResourcesBuildPhase section */
		421C393B16AA947300651DF1 /* Resources */ = {
			isa = PBXResourcesBuildPhase;
			buildActionMask = 2147483647;
			files = (
				421C395016AA947300651DF1 /* InfoPlist.strings in Resources */,
				421C395816AA947300651DF1 /* Default.png in Resources */,
				421C395A16AA947300651DF1 /* Default@2x.png in Resources */,
				421C395C16AA947300651DF1 /* Default-568h@2x.png in Resources */,
				421C395F16AA947300651DF1 /* MainStoryboard_iPhone.storyboard in Resources */,
				421C396216AA947300651DF1 /* MainStoryboard_iPad.storyboard in Resources */,
				421C396416AA947300651DF1 /* Shader.fsh in Resources */,
				421C396616AA947300651DF1 /* Shader.vsh in Resources */,
			);
			runOnlyForDeploymentPostprocessing = 0;
		};
/* End PBXResourcesBuildPhase section */

/* Begin PBXSourcesBuildPhase section */
		421C393916AA947300651DF1 /* Sources */ = {
			isa = PBXSourcesBuildPhase;
			buildActionMask = 2147483647;
			files = (
				421C395216AA947300651DF1 /* main.m in Sources */,
				421C395616AA947300651DF1 /* AppDelegate.m in Sources */,
				421C396916AA947300651DF1 /* ViewController.m in Sources */,
				421448FF16AA986900EB0557 /* sun_position.c in Sources */,
				4214490016AA986900EB0557 /* drawglobe.c in Sources */,
			);
			runOnlyForDeploymentPostprocessing = 0;
		};
/* End PBXSourcesBuildPhase section */

/* Begin PBXVariantGroup section */
		421C394E16AA947300651DF1 /* InfoPlist.strings */ = {
			isa = PBXVariantGroup;
			children = (
				421C394F16AA947300651DF1 /* en */,
			);
			name = InfoPlist.strings;
			sourceTree = "<group>";
		};
		421C395D16AA947300651DF1 /* MainStoryboard_iPhone.storyboard */ = {
			isa = PBXVariantGroup;
			children = (
				421C395E16AA947300651DF1 /* en */,
			);
			name = MainStoryboard_iPhone.storyboard;
			sourceTree = "<group>";
		};
		421C396016AA947300651DF1 /* MainStoryboard_iPad.storyboard */ = {
			isa = PBXVariantGroup;
			children = (
				421C396116AA947300651DF1 /* en */,
			);
			name = MainStoryboard_iPad.storyboard;
			sourceTree = "<group>";
		};
/* End PBXVariantGroup section */

/* Begin XCBuildConfiguration section */
		421C396A16AA947300651DF1 /* Debug */ = {
			isa = XCBuildConfiguration;
			buildSettings = {
				ALWAYS_SEARCH_USER_PATHS = NO;
				CLANG_CXX_LANGUAGE_STANDARD = "gnu++0x";
				CLANG_CXX_LIBRARY = "libc++";
				CLANG_ENABLE_OBJC_ARC = YES;
				CLANG_WARN_EMPTY_BODY = YES;
				CLANG_WARN__DUPLICATE_METHOD_MATCH = YES;
				"CODE_SIGN_IDENTITY[sdk=iphoneos*]" = "iPhone Developer";
				COPY_PHASE_STRIP = NO;
				GCC_C_LANGUAGE_STANDARD = gnu99;
				GCC_DYNAMIC_NO_PIC = NO;
				GCC_OPTIMIZATION_LEVEL = 0;
				GCC_PREPROCESSOR_DEFINITIONS = (
					"DEBUG=1",
					"$(inherited)",
				);
				GCC_SYMBOLS_PRIVATE_EXTERN = NO;
				GCC_WARN_ABOUT_RETURN_TYPE = YES;
				GCC_WARN_UNINITIALIZED_AUTOS = YES;
				GCC_WARN_UNUSED_VARIABLE = YES;
				IPHONEOS_DEPLOYMENT_TARGET = 6.0;
				ONLY_ACTIVE_ARCH = YES;
				SDKROOT = iphoneos;
				TARGETED_DEVICE_FAMILY = "1,2";
			};
			name = Debug;
		};
		421C396B16AA947300651DF1 /* Release */ = {
			isa = XCBuildConfiguration;
			buildSettings = {
				ALWAYS_SEARCH_USER_PATHS = NO;
				CLANG_CXX_LANGUAGE_STANDARD = "gnu++0x";
				CLANG_CXX_LIBRARY = "libc++";
				CLANG_ENABLE_OBJC_ARC = YES;
				CLANG_WARN_EMPTY_BODY = YES;
				CLANG_WARN__DUPLICATE_METHOD_MATCH = YES;
				"CODE_SIGN_IDENTITY[sdk=iphoneos*]" = "iPhone Developer";
				COPY_PHASE_STRIP = YES;
				GCC_C_LANGUAGE_STANDARD = gnu99;
				GCC_WARN_ABOUT_RETURN_TYPE = YES;
				GCC_WARN_UNINITIALIZED_AUTOS = YES;
				GCC_WARN_UNUSED_VARIABLE = YES;
				IPHONEOS_DEPLOYMENT_TARGET = 6.0;
				OTHER_CFLAGS = "-DNS_BLOCK_ASSERTIONS=1";
				SDKROOT = iphoneos;
				TARGETED_DEVICE_FAMILY = "1,2";
				VALIDATE_PRODUCT = YES;
			};
			name = Release;
		};
		421C396D16AA947300651DF1 /* Debug */ = {
			isa = XCBuildConfiguration;
			buildSettings = {
				GCC_PRECOMPILE_PREFIX_HEADER = YES;
				GCC_PREFIX_HEADER = "Globe/Globe-Prefix.pch";
				INFOPLIST_FILE = "Globe/Globe-Info.plist";
				IPHONEOS_DEPLOYMENT_TARGET = 5.1;
				PRODUCT_NAME = "$(TARGET_NAME)";
				WRAPPER_EXTENSION = app;
			};
			name = Debug;
		};
		421C396E16AA947300651DF1 /* Release */ = {
			isa = XCBuildConfiguration;
			buildSettings = {
				GCC_PRECOMPILE_PREFIX_HEADER = YES;
				GCC_PREFIX_HEADER = "Globe/Globe-Prefix.pch";
				INFOPLIST_FILE = "Globe/Globe-Info.plist";
				IPHONEOS_DEPLOYMENT_TARGET = 5.1;
				PRODUCT_NAME = "$(TARGET_NAME)";
				WRAPPER_EXTENSION = app;
			};
			name = Release;
		};
/* End XCBuildConfiguration section */

/* Begin XCConfigurationList section */
		421C393716AA947300651DF1 /* Build configuration list for PBXProject "Globe" */ = {
			isa = XCConfigurationList;
			buildConfigurations = (
				421C396A16AA947300651DF1 /* Debug */,
				421C396B16AA947300651DF1 /* Release */,
			);
			defaultConfigurationIsVisible = 0;
			defaultConfigurationName = Release;
		};
		421C396C16AA947300651DF1 /* Build configuration list for PBXNativeTarget "Globe" */ = {
			isa = XCConfigurationList;
			buildConfigurations = (
				421C396D16AA947300651DF1 /* Debug */,
				421C396E16AA947300651DF1 /* Release */,
			);
			defaultConfigurationIsVisible = 0;
			defaultConfigurationName = Release;
		};
/* End XCConfigurationList section */
	};
	rootObject = 421C393416AA947300651DF1 /* Project object */;
}
